
Microsoft Visual Studio Solution File, Format Version 12.00
# Visual Studio 14
VisualStudioVersion = 14.0.25420.1
MinimumVisualStudioVersion = 10.0.40219.1
Project("{2150E333-8FDC-42A3-9474-1A3956D46DE8}") = "src", "src", "{62ABB016-618A-4EB4-BD7F-55EE19A4D999}"
EndProject
Project("{2150E333-8FDC-42A3-9474-1A3956D46DE8}") = "Solution Items", "Solution Items", "{49653955-2B1A-4EB2-8349-472425DA7D87}"
	ProjectSection(SolutionItems) = preProject
		global.json = global.json
	EndProjectSection
EndProject
Project("{8BB2217D-0F2D-49D1-97BC-3654ED321F3B}") = "CatFactory.EfCore", "src\CatFactory.EfCore\CatFactory.EfCore.xproj", "{1FF477C1-86C9-4A82-AEF4-BC41EB86C39F}"
EndProject
Project("{2150E333-8FDC-42A3-9474-1A3956D46DE8}") = "test", "test", "{75515B81-386A-4461-945F-59E7BB2FB573}"
EndProject
Project("{8BB2217D-0F2D-49D1-97BC-3654ED321F3B}") = "CatFactory.EfCore.Tests", "test\CatFactory.EfCore.Tests\CatFactory.EfCore.Tests.xproj", "{096A15B1-41B2-4374-9183-A1E59D35035D}"
EndProject
Global
	GlobalSection(SolutionConfigurationPlatforms) = preSolution
		Debug|Any CPU = Debug|Any CPU
		Release|Any CPU = Release|Any CPU
	EndGlobalSection
	GlobalSection(ProjectConfigurationPlatforms) = postSolution
		{1FF477C1-86C9-4A82-AEF4-BC41EB86C39F}.Debug|Any CPU.ActiveCfg = Debug|Any CPU
		{1FF477C1-86C9-4A82-AEF4-BC41EB86C39F}.Debug|Any CPU.Build.0 = Debug|Any CPU
		{1FF477C1-86C9-4A82-AEF4-BC41EB86C39F}.Release|Any CPU.ActiveCfg = Release|Any CPU
		{1FF477C1-86C9-4A82-AEF4-BC41EB86C39F}.Release|Any CPU.Build.0 = Release|Any CPU
		{096A15B1-41B2-4374-9183-A1E59D35035D}.Debug|Any CPU.ActiveCfg = Debug|Any CPU
		{096A15B1-41B2-4374-9183-A1E59D35035D}.Debug|Any CPU.Build.0 = Debug|Any CPU
		{096A15B1-41B2-4374-9183-A1E59D35035D}.Release|Any CPU.ActiveCfg = Release|Any CPU
		{096A15B1-41B2-4374-9183-A1E59D35035D}.Release|Any CPU.Build.0 = Release|Any CPU
	EndGlobalSection
	GlobalSection(SolutionProperties) = preSolution
		HideSolutionNode = FALSE
	EndGlobalSection
	GlobalSection(NestedProjects) = preSolution
		{1FF477C1-86C9-4A82-AEF4-BC41EB86C39F} = {62ABB016-618A-4EB4-BD7F-55EE19A4D999}
		{096A15B1-41B2-4374-9183-A1E59D35035D} = {75515B81-386A-4461-945F-59E7BB2FB573}
	EndGlobalSection
EndGlobal
